
Microsoft Visual Studio Solution File, Format Version 12.00
# Visual Studio Version 17
VisualStudioVersion = 17.5.33502.453
MinimumVisualStudioVersion = 10.0.40219.1
Project("{9A19103F-16F7-4668-BE54-9A1E7A4F7556}") = "TrackerLibrary", "TrackerLibrary\TrackerLibrary.csproj", "{8CCA7060-5A53-492A-8572-3E16AEC15E84}"
EndProject
Project("{FAE04EC0-301F-11D3-BF4B-00C04F79EFBC}") = "TrackerUI", "TrackerUI\TrackerUI.csproj", "{A46E972C-9EBA-4A20-A74B-82D3DA222380}"
EndProject
Global
	GlobalSection(SolutionConfigurationPlatforms) = preSolution
		Debug|Any CPU = Debug|Any CPU
		Release|Any CPU = Release|Any CPU
	EndGlobalSection
	GlobalSection(ProjectConfigurationPlatforms) = postSolution
		{8CCA7060-5A53-492A-8572-3E16AEC15E84}.Debug|Any CPU.ActiveCfg = Debug|Any CPU
		{8CCA7060-5A53-492A-8572-3E16AEC15E84}.Debug|Any CPU.Build.0 = Debug|Any CPU
		{8CCA7060-5A53-492A-8572-3E16AEC15E84}.Release|Any CPU.ActiveCfg = Release|Any CPU
		{8CCA7060-5A53-492A-8572-3E16AEC15E84}.Release|Any CPU.Build.0 = Release|Any CPU
		{A46E972C-9EBA-4A20-A74B-82D3DA222380}.Debug|Any CPU.ActiveCfg = Debug|Any CPU
		{A46E972C-9EBA-4A20-A74B-82D3DA222380}.Debug|Any CPU.Build.0 = Debug|Any CPU
		{A46E972C-9EBA-4A20-A74B-82D3DA222380}.Release|Any CPU.ActiveCfg = Release|Any CPU
		{A46E972C-9EBA-4A20-A74B-82D3DA222380}.Release|Any CPU.Build.0 = Release|Any CPU
	EndGlobalSection
	GlobalSection(SolutionProperties) = preSolution
		HideSolutionNode = FALSE
	EndGlobalSection
	GlobalSection(ExtensibilityGlobals) = postSolution
		SolutionGuid = {0AF49B80-F690-40AC-8D1B-4F858D1E9F40}
	EndGlobalSection
EndGlobal
